
Microsoft Visual Studio Solution File, Format Version 12.00
# Visual Studio Version 16
VisualStudioVersion = 16.0.30717.126
MinimumVisualStudioVersion = 10.0.40219.1
Project("{FAE04EC0-301F-11D3-BF4B-00C04F79EFBC}") = "dolgozatoroklodes", "dolgozatoroklodes\dolgozatoroklodes.csproj", "{773EFFA5-09C2-4816-A080-01D72B2A01CE}"
EndProject
Global
	GlobalSection(SolutionConfigurationPlatforms) = preSolution
		Debug|Any CPU = Debug|Any CPU
		Release|Any CPU = Release|Any CPU
	EndGlobalSection
	GlobalSection(ProjectConfigurationPlatforms) = postSolution
		{773EFFA5-09C2-4816-A080-01D72B2A01CE}.Debug|Any CPU.ActiveCfg = Debug|Any CPU
		{773EFFA5-09C2-4816-A080-01D72B2A01CE}.Debug|Any CPU.Build.0 = Debug|Any CPU
		{773EFFA5-09C2-4816-A080-01D72B2A01CE}.Release|Any CPU.ActiveCfg = Release|Any CPU
		{773EFFA5-09C2-4816-A080-01D72B2A01CE}.Release|Any CPU.Build.0 = Release|Any CPU
	EndGlobalSection
	GlobalSection(SolutionProperties) = preSolution
		HideSolutionNode = FALSE
	EndGlobalSection
	GlobalSection(ExtensibilityGlobals) = postSolution
		SolutionGuid = {128B6F1A-9673-4309-9A4A-607D4F3E198A}
	EndGlobalSection
EndGlobal
